
Microsoft Visual Studio Solution File, Format Version 12.00
# Visual Studio Version 16
VisualStudioVersion = 25.0.1706.9
MinimumVisualStudioVersion = 10.0.40219.1
Project("{FAE04EC0-301F-11D3-BF4B-00C04F79EFBC}") = "wiFind.Server", "wiFind.Server.csproj", "{45B32B62-76A2-4CD1-A292-153D990D368D}"
EndProject
Global
	GlobalSection(SolutionConfigurationPlatforms) = preSolution
		Debug|Any CPU = Debug|Any CPU
		Release|Any CPU = Release|Any CPU
	EndGlobalSection
	GlobalSection(ProjectConfigurationPlatforms) = postSolution
		{45B32B62-76A2-4CD1-A292-153D990D368D}.Debug|Any CPU.ActiveCfg = Debug|Any CPU
		{45B32B62-76A2-4CD1-A292-153D990D368D}.Debug|Any CPU.Build.0 = Debug|Any CPU
		{45B32B62-76A2-4CD1-A292-153D990D368D}.Release|Any CPU.ActiveCfg = Release|Any CPU
		{45B32B62-76A2-4CD1-A292-153D990D368D}.Release|Any CPU.Build.0 = Release|Any CPU
	EndGlobalSection
	GlobalSection(SolutionProperties) = preSolution
		HideSolutionNode = FALSE
	EndGlobalSection
	GlobalSection(ExtensibilityGlobals) = postSolution
		SolutionGuid = {B25E03B2-3175-455F-B4EE-5FC3D1FEDB3E}
	EndGlobalSection
EndGlobal
